
Microsoft Visual Studio Solution File, Format Version 12.00
# Visual Studio 2013
VisualStudioVersion = 12.0.21005.1
MinimumVisualStudioVersion = 10.0.40219.1
Project("{FAE04EC0-301F-11D3-BF4B-00C04F79EFBC}") = "ORM", "ORM\ORM.csproj", "{4EBA25A8-E8E1-4C42-AD11-E853F521E9D9}"
EndProject
Project("{FAE04EC0-301F-11D3-BF4B-00C04F79EFBC}") = "DAL", "DAL\DAL.csproj", "{222FC130-6111-47C3-A7F0-D76BC0626140}"
EndProject
Project("{FAE04EC0-301F-11D3-BF4B-00C04F79EFBC}") = "DAL.Interface", "DAL.Interface\DAL.Interface.csproj", "{D241C143-D724-46D2-847F-12E189FA20A6}"
EndProject
Project("{FAE04EC0-301F-11D3-BF4B-00C04F79EFBC}") = "BLL.Interface", "BLL.Interface\BLL.Interface.csproj", "{9FA0A582-BD00-4771-84E8-6186F098202F}"
EndProject
Project("{FAE04EC0-301F-11D3-BF4B-00C04F79EFBC}") = "BLL", "BLL\BLL.csproj", "{D1289EF5-A736-4253-B643-C0CDBB523093}"
EndProject
Project("{FAE04EC0-301F-11D3-BF4B-00C04F79EFBC}") = "MvcAutomation", "MvcAutomation\MvcAutomation.csproj", "{1C730D79-9223-44F7-A80D-B80599A0BB11}"
EndProject
Project("{FAE04EC0-301F-11D3-BF4B-00C04F79EFBC}") = "DependencyResolver", "DependencyResolver\DependencyResolver.csproj", "{0DC446FD-B223-4AD9-A88C-59F965E968E7}"
EndProject
Project("{FAE04EC0-301F-11D3-BF4B-00C04F79EFBC}") = "InputPostfixRegex", "InputPostfixRegex\InputPostfixRegex.csproj", "{E3D8362B-AEF5-4F62-9603-8F75A822E1C3}"
EndProject
Project("{FAE04EC0-301F-11D3-BF4B-00C04F79EFBC}") = "GradeSystems", "GradeSystems\GradeSystems.csproj", "{92F99A17-4B2F-4364-9279-509471458956}"
EndProject
Project("{FAE04EC0-301F-11D3-BF4B-00C04F79EFBC}") = "TestEndpoints", "TestEndpoints\TestEndpoints.csproj", "{87F501FA-2FB7-4D86-8916-81F3B10E8573}"
EndProject
Global
	GlobalSection(SolutionConfigurationPlatforms) = preSolution
		Debug|Any CPU = Debug|Any CPU
		Release|Any CPU = Release|Any CPU
	EndGlobalSection
	GlobalSection(ProjectConfigurationPlatforms) = postSolution
		{4EBA25A8-E8E1-4C42-AD11-E853F521E9D9}.Debug|Any CPU.ActiveCfg = Debug|Any CPU
		{4EBA25A8-E8E1-4C42-AD11-E853F521E9D9}.Debug|Any CPU.Build.0 = Debug|Any CPU
		{4EBA25A8-E8E1-4C42-AD11-E853F521E9D9}.Release|Any CPU.ActiveCfg = Release|Any CPU
		{4EBA25A8-E8E1-4C42-AD11-E853F521E9D9}.Release|Any CPU.Build.0 = Release|Any CPU
		{222FC130-6111-47C3-A7F0-D76BC0626140}.Debug|Any CPU.ActiveCfg = Debug|Any CPU
		{222FC130-6111-47C3-A7F0-D76BC0626140}.Debug|Any CPU.Build.0 = Debug|Any CPU
		{222FC130-6111-47C3-A7F0-D76BC0626140}.Release|Any CPU.ActiveCfg = Release|Any CPU
		{222FC130-6111-47C3-A7F0-D76BC0626140}.Release|Any CPU.Build.0 = Release|Any CPU
		{D241C143-D724-46D2-847F-12E189FA20A6}.Debug|Any CPU.ActiveCfg = Debug|Any CPU
		{D241C143-D724-46D2-847F-12E189FA20A6}.Debug|Any CPU.Build.0 = Debug|Any CPU
		{D241C143-D724-46D2-847F-12E189FA20A6}.Release|Any CPU.ActiveCfg = Release|Any CPU
		{D241C143-D724-46D2-847F-12E189FA20A6}.Release|Any CPU.Build.0 = Release|Any CPU
		{9FA0A582-BD00-4771-84E8-6186F098202F}.Debug|Any CPU.ActiveCfg = Debug|Any CPU
		{9FA0A582-BD00-4771-84E8-6186F098202F}.Debug|Any CPU.Build.0 = Debug|Any CPU
		{9FA0A582-BD00-4771-84E8-6186F098202F}.Release|Any CPU.ActiveCfg = Release|Any CPU
		{9FA0A582-BD00-4771-84E8-6186F098202F}.Release|Any CPU.Build.0 = Release|Any CPU
		{D1289EF5-A736-4253-B643-C0CDBB523093}.Debug|Any CPU.ActiveCfg = Debug|Any CPU
		{D1289EF5-A736-4253-B643-C0CDBB523093}.Debug|Any CPU.Build.0 = Debug|Any CPU
		{D1289EF5-A736-4253-B643-C0CDBB523093}.Release|Any CPU.ActiveCfg = Release|Any CPU
		{D1289EF5-A736-4253-B643-C0CDBB523093}.Release|Any CPU.Build.0 = Release|Any CPU
		{1C730D79-9223-44F7-A80D-B80599A0BB11}.Debug|Any CPU.ActiveCfg = Debug|Any CPU
		{1C730D79-9223-44F7-A80D-B80599A0BB11}.Debug|Any CPU.Build.0 = Debug|Any CPU
		{1C730D79-9223-44F7-A80D-B80599A0BB11}.Release|Any CPU.ActiveCfg = Release|Any CPU
		{1C730D79-9223-44F7-A80D-B80599A0BB11}.Release|Any CPU.Build.0 = Release|Any CPU
		{0DC446FD-B223-4AD9-A88C-59F965E968E7}.Debug|Any CPU.ActiveCfg = Debug|Any CPU
		{0DC446FD-B223-4AD9-A88C-59F965E968E7}.Debug|Any CPU.Build.0 = Debug|Any CPU
		{0DC446FD-B223-4AD9-A88C-59F965E968E7}.Release|Any CPU.ActiveCfg = Release|Any CPU
		{0DC446FD-B223-4AD9-A88C-59F965E968E7}.Release|Any CPU.Build.0 = Release|Any CPU
		{E3D8362B-AEF5-4F62-9603-8F75A822E1C3}.Debug|Any CPU.ActiveCfg = Debug|Any CPU
		{E3D8362B-AEF5-4F62-9603-8F75A822E1C3}.Debug|Any CPU.Build.0 = Debug|Any CPU
		{E3D8362B-AEF5-4F62-9603-8F75A822E1C3}.Release|Any CPU.ActiveCfg = Release|Any CPU
		{E3D8362B-AEF5-4F62-9603-8F75A822E1C3}.Release|Any CPU.Build.0 = Release|Any CPU
		{92F99A17-4B2F-4364-9279-509471458956}.Debug|Any CPU.ActiveCfg = Debug|Any CPU
		{92F99A17-4B2F-4364-9279-509471458956}.Debug|Any CPU.Build.0 = Debug|Any CPU
		{92F99A17-4B2F-4364-9279-509471458956}.Release|Any CPU.ActiveCfg = Release|Any CPU
		{92F99A17-4B2F-4364-9279-509471458956}.Release|Any CPU.Build.0 = Release|Any CPU
		{87F501FA-2FB7-4D86-8916-81F3B10E8573}.Debug|Any CPU.ActiveCfg = Debug|Any CPU
		{87F501FA-2FB7-4D86-8916-81F3B10E8573}.Debug|Any CPU.Build.0 = Debug|Any CPU
		{87F501FA-2FB7-4D86-8916-81F3B10E8573}.Release|Any CPU.ActiveCfg = Release|Any CPU
		{87F501FA-2FB7-4D86-8916-81F3B10E8573}.Release|Any CPU.Build.0 = Release|Any CPU
	EndGlobalSection
	GlobalSection(SolutionProperties) = preSolution
		HideSolutionNode = FALSE
	EndGlobalSection
EndGlobal
